schema: '2.0'
stages:
  data_ingestion:
    cmd: python src/data_ingestion.py
    deps:
    - path: spam.csv
      hash: md5
      md5: 008dcf9ca6aab621d3b3831db6815867
      size: 503663
    - path: src/data_ingestion.py
      hash: md5
      md5: de580b8be053895b7ee56521310bac17
      size: 3205
    outs:
    - path: data/raw
      hash: md5
      md5: 7770861a7347810d0075b00e5acd35f0.dir
      size: 472955
      nfiles: 2
  data_preprocessing:
    cmd: python src/data_preprocessing.py
    deps:
    - path: data/raw
      hash: md5
      md5: 7770861a7347810d0075b00e5acd35f0.dir
      size: 472955
      nfiles: 2
    - path: src/data_preprocessing.py
      hash: md5
      md5: 1b8eb5f21606f1af5d60950bdd694ad7
      size: 2519
    outs:
    - path: data/processed
      hash: md5
      md5: 7246449d6ca5c7e7e7244d2236847b88.dir
      size: 310706
      nfiles: 2
  feature_engineering:
    cmd: python src/feature_engineering.py
    deps:
    - path: data/processed
      hash: md5
      md5: 7246449d6ca5c7e7e7244d2236847b88.dir
      size: 310706
      nfiles: 2
    - path: src/feature_engineering.py
      hash: md5
      md5: 3254b4d43e9a8b35d98d88f98119a4a2
      size: 1620
    outs:
    - path: data/features
      hash: md5
      md5: 3cf031fb8d9f5b622939673d3ef92b8d.dir
      size: 72147074
      nfiles: 3
  model_building:
    cmd: python src/model_building.py
    deps:
    - path: data/features
      hash: md5
      md5: 3cf031fb8d9f5b622939673d3ef92b8d.dir
      size: 72147074
      nfiles: 3
    - path: src/model_building.py
      hash: md5
      md5: 1d4e3660dffc7dcf038b83bddffdbbd9
      size: 785
    outs:
    - path: data/model/model.pkl
      hash: md5
      md5: b59510df5689a320fc90d38f4364d044
      size: 52400
  model_evaluation:
    cmd: python src/model_evaluation.py
    deps:
    - path: data/model/model.pkl
      hash: md5
      md5: b59510df5689a320fc90d38f4364d044
      size: 52400
    - path: src/model_evaluation.py
      hash: md5
      md5: 9a9d4963cba94138c72b487edcd74828
      size: 1206
    outs:
    - path: data/evaluation/metrics.json
      hash: md5
      md5: d7508f9627ef9cb73084be251f8a8907
      size: 130
